
Microsoft Visual Studio Solution File, Format Version 12.00
# Visual Studio Version 17
VisualStudioVersion = 17.0.31903.59
MinimumVisualStudioVersion = 10.0.40219.1
Project("{FAE04EC0-301F-11D3-BF4B-00C04F79EFBC}") = "NFMWorld", "nfm-world\NFMWorld.csproj", "{97D2D5E3-F508-4CB9-B6BE-53070DA4085F}"
EndProject
Project("{FAE04EC0-301F-11D3-BF4B-00C04F79EFBC}") = "HoleyDiver", "HoleyDiver\HoleyDiver.csproj", "{44ABE6B5-D2AB-4296-8BFC-8501FBB74672}"
EndProject
Project("{FAE04EC0-301F-11D3-BF4B-00C04F79EFBC}") = "HoleyDiver.UnitTest", "HoleyDiver.UnitTest\HoleyDiver.UnitTest.csproj", "{565D9072-451E-48EA-AF46-3CD15F79D2E4}"
EndProject
Project("{FAE04EC0-301F-11D3-BF4B-00C04F79EFBC}") = "Monogame.ImGuiNet", "MonoGame.ImGuiNet\MonoGame.ImGuiNet\Monogame.ImGuiNet.csproj", "{BD4D3CDA-EB9F-48FB-99D4-D497F3636873}"
EndProject
Project("{FAE04EC0-301F-11D3-BF4B-00C04F79EFBC}") = "SoftFloat", "soft-float-starter-pack\SoftFloat\SoftFloat.csproj", "{92F86999-EB29-4921-A1E6-A0BC52ADCCB4}"
EndProject
Global
	GlobalSection(SolutionConfigurationPlatforms) = preSolution
		Debug|Any CPU = Debug|Any CPU
		Release|Any CPU = Release|Any CPU
	EndGlobalSection
	GlobalSection(SolutionProperties) = preSolution
		HideSolutionNode = FALSE
	EndGlobalSection
	GlobalSection(ProjectConfigurationPlatforms) = postSolution
		{97D2D5E3-F508-4CB9-B6BE-53070DA4085F}.Debug|Any CPU.ActiveCfg = Debug|Any CPU
		{97D2D5E3-F508-4CB9-B6BE-53070DA4085F}.Debug|Any CPU.Build.0 = Debug|Any CPU
		{97D2D5E3-F508-4CB9-B6BE-53070DA4085F}.Release|Any CPU.ActiveCfg = Release|Any CPU
		{97D2D5E3-F508-4CB9-B6BE-53070DA4085F}.Release|Any CPU.Build.0 = Release|Any CPU
		{44ABE6B5-D2AB-4296-8BFC-8501FBB74672}.Debug|Any CPU.ActiveCfg = Debug|Any CPU
		{44ABE6B5-D2AB-4296-8BFC-8501FBB74672}.Debug|Any CPU.Build.0 = Debug|Any CPU
		{44ABE6B5-D2AB-4296-8BFC-8501FBB74672}.Release|Any CPU.ActiveCfg = Release|Any CPU
		{44ABE6B5-D2AB-4296-8BFC-8501FBB74672}.Release|Any CPU.Build.0 = Release|Any CPU
		{565D9072-451E-48EA-AF46-3CD15F79D2E4}.Debug|Any CPU.ActiveCfg = Debug|Any CPU
		{565D9072-451E-48EA-AF46-3CD15F79D2E4}.Debug|Any CPU.Build.0 = Debug|Any CPU
		{565D9072-451E-48EA-AF46-3CD15F79D2E4}.Release|Any CPU.ActiveCfg = Release|Any CPU
		{565D9072-451E-48EA-AF46-3CD15F79D2E4}.Release|Any CPU.Build.0 = Release|Any CPU
		{BD4D3CDA-EB9F-48FB-99D4-D497F3636873}.Debug|Any CPU.ActiveCfg = Debug|Any CPU
		{BD4D3CDA-EB9F-48FB-99D4-D497F3636873}.Debug|Any CPU.Build.0 = Debug|Any CPU
		{BD4D3CDA-EB9F-48FB-99D4-D497F3636873}.Release|Any CPU.ActiveCfg = Release|Any CPU
		{BD4D3CDA-EB9F-48FB-99D4-D497F3636873}.Release|Any CPU.Build.0 = Release|Any CPU
		{92F86999-EB29-4921-A1E6-A0BC52ADCCB4}.Debug|Any CPU.ActiveCfg = Debug|Any CPU
		{92F86999-EB29-4921-A1E6-A0BC52ADCCB4}.Debug|Any CPU.Build.0 = Debug|Any CPU
		{92F86999-EB29-4921-A1E6-A0BC52ADCCB4}.Release|Any CPU.ActiveCfg = Release|Any CPU
		{92F86999-EB29-4921-A1E6-A0BC52ADCCB4}.Release|Any CPU.Build.0 = Release|Any CPU
	EndGlobalSection
EndGlobal
