Microsoft Visual Studio Solution File, Format Version 12.00
# Visual Studio Version 17
VisualStudioVersion = 17.0.31903.59
MinimumVisualStudioVersion = 10.0.40219.1
Project("{FAE04EC0-301F-11D3-BF4B-00C04F79EFBC}") = "NFMWorld", "nfm-world\NFMWorld.csproj", "{97D2D5E3-F508-4CB9-B6BE-53070DA4085F}"
EndProject
Project("{FAE04EC0-301F-11D3-BF4B-00C04F79EFBC}") = "HoleyDiver", "HoleyDiver\HoleyDiver.csproj", "{44ABE6B5-D2AB-4296-8BFC-8501FBB74672}"
EndProject
Project("{FAE04EC0-301F-11D3-BF4B-00C04F79EFBC}") = "HoleyDiver.UnitTest", "HoleyDiver.UnitTest\HoleyDiver.UnitTest.csproj", "{565D9072-451E-48EA-AF46-3CD15F79D2E4}"
EndProject
Project("{FAE04EC0-301F-11D3-BF4B-00C04F79EFBC}") = "Facepunch.Steamworks.Win64", "Facepunch.Steamworks\Facepunch.Steamworks\Facepunch.Steamworks.Win64.csproj", "{B61B29D2-7064-48F5-8A6B-45DACCC84305}"
EndProject
Project("{FAE04EC0-301F-11D3-BF4B-00C04F79EFBC}") = "Facepunch.Steamworks.Posix", "Facepunch.Steamworks\Facepunch.Steamworks\Facepunch.Steamworks.Posix.csproj", "{DF995AB1-0B32-4260-9FAD-71B2E9E9F421}"
EndProject
Project("{FAE04EC0-301F-11D3-BF4B-00C04F79EFBC}") = "Maxine.Extensions", "Maxine.Extensions\Maxine.Extensions\Maxine.Extensions.csproj", "{B460F126-844E-47D4-8C07-4C1DDC2ED856}"
EndProject
Project("{FAE04EC0-301F-11D3-BF4B-00C04F79EFBC}") = "FontStashSharp.Base", "FontStashSharp.Base\src\FontStashSharp.Base\FontStashSharp.Base.csproj", "{8EE79174-1A21-4691-9B06-B8B04A13E130}"
EndProject
Project("{FAE04EC0-301F-11D3-BF4B-00C04F79EFBC}") = "FontStashSharp.Rasterizers.StbTrueTypeSharp", "FontStashSharp.Base\src\FontStashSharp.Rasterizers.StbTrueTypeSharp\FontStashSharp.Rasterizers.StbTrueTypeSharp.csproj", "{0F087793-93AC-4D3A-8A21-5867CE5CE604}"
EndProject
Project("{FAE04EC0-301F-11D3-BF4B-00C04F79EFBC}") = "NFMWorld.LuaSourceGenerataor", "NFMWorld.LuaSourceGenerataor\NFMWorld.LuaSourceGenerataor.csproj", "{6DB28BE5-6977-42CB-AC64-AB991412DB2F}"
EndProject
Project("{FAE04EC0-301F-11D3-BF4B-00C04F79EFBC}") = "NFMW.GenerateSinCosTable", "NFMW.GenerateSinCosTable\NFMW.GenerateSinCosTable.csproj", "{B5496802-627B-47F4-8B95-6B56AF2DA482}"
EndProject
Project("{FAE04EC0-301F-11D3-BF4B-00C04F79EFBC}") = "NFMWorld.Library", "NFMWorld.Library\NFMWorld.Library.csproj", "{7299D302-F6B8-4A90-BCB2-69E0156A82D0}"
EndProject
Project("{FAE04EC0-301F-11D3-BF4B-00C04F79EFBC}") = "Maxine.VFS", "Maxine.Extensions\Maxine.VFS\Maxine.VFS.csproj", "{797C7F62-03C6-48F8-B05C-E12C313EB878}"
EndProject
Project("{FAE04EC0-301F-11D3-BF4B-00C04F79EFBC}") = "NFMWorld.RustBindGen", "NFMWorld.RustBindGen\NFMWorld.RustBindGen.csproj", "{9347CCAA-A867-429F-ACE3-829D930F81DB}"
EndProject
Project("{FAE04EC0-301F-11D3-BF4B-00C04F79EFBC}") = "Maxine.Extensions.MessagePack", "Maxine.Extensions\Maxine.Extensions.MessagePack\Maxine.Extensions.MessagePack.csproj", "{16F06DAB-D69F-4324-9023-91BA351A0B67}"
EndProject
Project("{FAE04EC0-301F-11D3-BF4B-00C04F79EFBC}") = "RayTech.RayLog.MEL", "Maxine.Extensions\RayTech.RayLog.MEL\RayTech.RayLog.MEL.csproj", "{15408FC4-5140-4CB2-B8AA-CE242459012E}"
EndProject
Project("{FAE04EC0-301F-11D3-BF4B-00C04F79EFBC}") = "NFMWorld.XamlX.BuildTask", "NFMWorld.XamlX.BuildTask\NFMWorld.XamlX.BuildTask.csproj", "{1867E035-1A38-4733-A2C0-1D1ABCDDA167}"
EndProject
Project("{FAE04EC0-301F-11D3-BF4B-00C04F79EFBC}") = "XamlX", "XamlX\src\XamlX\XamlX.csproj", "{D94CC338-97CF-4265-AF0B-162E548CA16A}"
EndProject
Project("{FAE04EC0-301F-11D3-BF4B-00C04F79EFBC}") = "XamlX.IL.Cecil", "XamlX\src\XamlX.IL.Cecil\XamlX.IL.Cecil.csproj", "{C6F4EA74-D13C-4AA1-8C64-EE88088ABC3A}"
EndProject
Project("{FAE04EC0-301F-11D3-BF4B-00C04F79EFBC}") = "Maxine.Extensions.Mathematics", "Maxine.Extensions\Maxine.Extensions.Mathematics\Maxine.Extensions.Mathematics.csproj", "{4CB83FBB-0EF8-42C2-A7EC-91B86E491F63}"
EndProject
Project("{FAE04EC0-301F-11D3-BF4B-00C04F79EFBC}") = "Maxine.Extensions.Mathematics.Tests", "Maxine.Extensions\Maxine.Extensions.Mathematics.Tests\Maxine.Extensions.Mathematics.Tests.csproj", "{6A0D5ABF-0AA4-4C67-9BC6-2A8E0339C163}"
EndProject
Project("{FAE04EC0-301F-11D3-BF4B-00C04F79EFBC}") = "Avalonia.Generators", "Avalonia.Generators\Avalonia.Generators.csproj", "{96D69E51-59A1-4F6A-BCB7-4961076BBED5}"
EndProject
Project("{FAE04EC0-301F-11D3-BF4B-00C04F79EFBC}") = "NFMWorld.XamlX.Core", "NFMWorld.XamlX.Core\NFMWorld.XamlX.Core.csproj", "{5C0B721A-34E7-4388-B0A2-AEBFE53739F3}"
EndProject
Project("{FAE04EC0-301F-11D3-BF4B-00C04F79EFBC}") = "MoonWorks", "MoonWorks\MoonWorks.csproj", "{CBD6367A-43F1-4DF8-A70B-1660ABE3DB52}"
EndProject
Project("{2150E333-8FDC-42A3-9474-1A3956D46DE8}") = "EngineCore", "EngineCore", "{FF397A7F-A7F0-49B4-8CF2-228DAA4EB19E}"
EndProject
Project("{FAE04EC0-301F-11D3-BF4B-00C04F79EFBC}") = "XamlX.Runtime", "XamlX\src\XamlX.Runtime\XamlX.Runtime.csproj", "{1A3D64EE-2CC1-4788-BFDB-AB126CA03D43}"
EndProject
Project("{FAE04EC0-301F-11D3-BF4B-00C04F79EFBC}") = "FNA.Core", "FNA\FNA.Core.csproj", "{99D01A7D-7913-4A72-BAEE-B877771C1D88}"
EndProject
Project("{FAE04EC0-301F-11D3-BF4B-00C04F79EFBC}") = "FNA.Math", "FNA.Math\FNA.Math.csproj", "{505185CC-118A-40CB-BC5B-891B71EB3ECC}"
EndProject
Project("{FAE04EC0-301F-11D3-BF4B-00C04F79EFBC}") = "NvgSharp.MoonWorks", "NvgSharp\src\MoonWorks\NvgSharp.MoonWorks.csproj", "{1FBB31F2-95C0-40FF-AD3F-CBBADFD3D5CD}"
EndProject
Project("{FAE04EC0-301F-11D3-BF4B-00C04F79EFBC}") = "NvgSharp.Text.MoonWorks", "NvgSharp\src\NvgSharp.Text\NvgSharp.Text.MoonWorks.csproj", "{C469D754-A468-429E-ADF9-1AC35598087A}"
EndProject
Project("{FAE04EC0-301F-11D3-BF4B-00C04F79EFBC}") = "FontStashSharp.MoonWorks", "FontStashSharp\src\MoonWorks\FontStashSharp.MoonWorks.csproj", "{82B90443-ED1C-4C62-B8FF-A9726B3504DF}"
EndProject
Project("{FAE04EC0-301F-11D3-BF4B-00C04F79EFBC}") = "MonoGame.ImGuiNet.MoonWorks", "MonoGame.ImGuiNet\MonoGame.ImGuiNet.MoonWorks\MonoGame.ImGuiNet.MoonWorks.csproj", "{06E43AAE-E399-41AF-AF50-686DFC0E14E4}"
EndProject
Global
	GlobalSection(SolutionConfigurationPlatforms) = preSolution
		Debug|Any CPU = Debug|Any CPU
		Debug|x64 = Debug|x64
		Debug|x86 = Debug|x86
		Release|Any CPU = Release|Any CPU
		Release|x64 = Release|x64
		Release|x86 = Release|x86
	EndGlobalSection
	GlobalSection(ProjectConfigurationPlatforms) = postSolution
		{97D2D5E3-F508-4CB9-B6BE-53070DA4085F}.Debug|Any CPU.ActiveCfg = Debug|Any CPU
		{97D2D5E3-F508-4CB9-B6BE-53070DA4085F}.Debug|Any CPU.Build.0 = Debug|Any CPU
		{97D2D5E3-F508-4CB9-B6BE-53070DA4085F}.Debug|x64.ActiveCfg = Debug|Any CPU
		{97D2D5E3-F508-4CB9-B6BE-53070DA4085F}.Debug|x64.Build.0 = Debug|Any CPU
		{97D2D5E3-F508-4CB9-B6BE-53070DA4085F}.Debug|x86.ActiveCfg = Debug|Any CPU
		{97D2D5E3-F508-4CB9-B6BE-53070DA4085F}.Debug|x86.Build.0 = Debug|Any CPU
		{97D2D5E3-F508-4CB9-B6BE-53070DA4085F}.Release|Any CPU.ActiveCfg = Release|Any CPU
		{97D2D5E3-F508-4CB9-B6BE-53070DA4085F}.Release|Any CPU.Build.0 = Release|Any CPU
		{97D2D5E3-F508-4CB9-B6BE-53070DA4085F}.Release|x64.ActiveCfg = Release|Any CPU
		{97D2D5E3-F508-4CB9-B6BE-53070DA4085F}.Release|x64.Build.0 = Release|Any CPU
		{97D2D5E3-F508-4CB9-B6BE-53070DA4085F}.Release|x86.ActiveCfg = Release|Any CPU
		{97D2D5E3-F508-4CB9-B6BE-53070DA4085F}.Release|x86.Build.0 = Release|Any CPU
		{44ABE6B5-D2AB-4296-8BFC-8501FBB74672}.Debug|Any CPU.ActiveCfg = Debug|Any CPU
		{44ABE6B5-D2AB-4296-8BFC-8501FBB74672}.Debug|Any CPU.Build.0 = Debug|Any CPU
		{44ABE6B5-D2AB-4296-8BFC-8501FBB74672}.Debug|x64.ActiveCfg = Debug|Any CPU
		{44ABE6B5-D2AB-4296-8BFC-8501FBB74672}.Debug|x64.Build.0 = Debug|Any CPU
		{44ABE6B5-D2AB-4296-8BFC-8501FBB74672}.Debug|x86.ActiveCfg = Debug|Any CPU
		{44ABE6B5-D2AB-4296-8BFC-8501FBB74672}.Debug|x86.Build.0 = Debug|Any CPU
		{44ABE6B5-D2AB-4296-8BFC-8501FBB74672}.Release|Any CPU.ActiveCfg = Release|Any CPU
		{44ABE6B5-D2AB-4296-8BFC-8501FBB74672}.Release|Any CPU.Build.0 = Release|Any CPU
		{44ABE6B5-D2AB-4296-8BFC-8501FBB74672}.Release|x64.ActiveCfg = Release|Any CPU
		{44ABE6B5-D2AB-4296-8BFC-8501FBB74672}.Release|x64.Build.0 = Release|Any CPU
		{44ABE6B5-D2AB-4296-8BFC-8501FBB74672}.Release|x86.ActiveCfg = Release|Any CPU
		{44ABE6B5-D2AB-4296-8BFC-8501FBB74672}.Release|x86.Build.0 = Release|Any CPU
		{565D9072-451E-48EA-AF46-3CD15F79D2E4}.Debug|Any CPU.ActiveCfg = Debug|Any CPU
		{565D9072-451E-48EA-AF46-3CD15F79D2E4}.Debug|Any CPU.Build.0 = Debug|Any CPU
		{565D9072-451E-48EA-AF46-3CD15F79D2E4}.Debug|x64.ActiveCfg = Debug|Any CPU
		{565D9072-451E-48EA-AF46-3CD15F79D2E4}.Debug|x64.Build.0 = Debug|Any CPU
		{565D9072-451E-48EA-AF46-3CD15F79D2E4}.Debug|x86.ActiveCfg = Debug|Any CPU
		{565D9072-451E-48EA-AF46-3CD15F79D2E4}.Debug|x86.Build.0 = Debug|Any CPU
		{565D9072-451E-48EA-AF46-3CD15F79D2E4}.Release|Any CPU.ActiveCfg = Release|Any CPU
		{565D9072-451E-48EA-AF46-3CD15F79D2E4}.Release|Any CPU.Build.0 = Release|Any CPU
		{565D9072-451E-48EA-AF46-3CD15F79D2E4}.Release|x64.ActiveCfg = Release|Any CPU
		{565D9072-451E-48EA-AF46-3CD15F79D2E4}.Release|x64.Build.0 = Release|Any CPU
		{565D9072-451E-48EA-AF46-3CD15F79D2E4}.Release|x86.ActiveCfg = Release|Any CPU
		{565D9072-451E-48EA-AF46-3CD15F79D2E4}.Release|x86.Build.0 = Release|Any CPU
		{B61B29D2-7064-48F5-8A6B-45DACCC84305}.Debug|Any CPU.ActiveCfg = Debug|Any CPU
		{B61B29D2-7064-48F5-8A6B-45DACCC84305}.Debug|Any CPU.Build.0 = Debug|Any CPU
		{B61B29D2-7064-48F5-8A6B-45DACCC84305}.Debug|x64.ActiveCfg = Debug|Any CPU
		{B61B29D2-7064-48F5-8A6B-45DACCC84305}.Debug|x64.Build.0 = Debug|Any CPU
		{B61B29D2-7064-48F5-8A6B-45DACCC84305}.Debug|x86.ActiveCfg = Debug|Any CPU
		{B61B29D2-7064-48F5-8A6B-45DACCC84305}.Debug|x86.Build.0 = Debug|Any CPU
		{B61B29D2-7064-48F5-8A6B-45DACCC84305}.Release|Any CPU.ActiveCfg = Release|Any CPU
		{B61B29D2-7064-48F5-8A6B-45DACCC84305}.Release|Any CPU.Build.0 = Release|Any CPU
		{B61B29D2-7064-48F5-8A6B-45DACCC84305}.Release|x64.ActiveCfg = Release|Any CPU
		{B61B29D2-7064-48F5-8A6B-45DACCC84305}.Release|x64.Build.0 = Release|Any CPU
		{B61B29D2-7064-48F5-8A6B-45DACCC84305}.Release|x86.ActiveCfg = Release|Any CPU
		{B61B29D2-7064-48F5-8A6B-45DACCC84305}.Release|x86.Build.0 = Release|Any CPU
		{DF995AB1-0B32-4260-9FAD-71B2E9E9F421}.Debug|Any CPU.ActiveCfg = Debug|Any CPU
		{DF995AB1-0B32-4260-9FAD-71B2E9E9F421}.Debug|Any CPU.Build.0 = Debug|Any CPU
		{DF995AB1-0B32-4260-9FAD-71B2E9E9F421}.Debug|x64.ActiveCfg = Debug|Any CPU
		{DF995AB1-0B32-4260-9FAD-71B2E9E9F421}.Debug|x64.Build.0 = Debug|Any CPU
		{DF995AB1-0B32-4260-9FAD-71B2E9E9F421}.Debug|x86.ActiveCfg = Debug|Any CPU
		{DF995AB1-0B32-4260-9FAD-71B2E9E9F421}.Debug|x86.Build.0 = Debug|Any CPU
		{DF995AB1-0B32-4260-9FAD-71B2E9E9F421}.Release|Any CPU.ActiveCfg = Release|Any CPU
		{DF995AB1-0B32-4260-9FAD-71B2E9E9F421}.Release|Any CPU.Build.0 = Release|Any CPU
		{DF995AB1-0B32-4260-9FAD-71B2E9E9F421}.Release|x64.ActiveCfg = Release|Any CPU
		{DF995AB1-0B32-4260-9FAD-71B2E9E9F421}.Release|x64.Build.0 = Release|Any CPU
		{DF995AB1-0B32-4260-9FAD-71B2E9E9F421}.Release|x86.ActiveCfg = Release|Any CPU
		{DF995AB1-0B32-4260-9FAD-71B2E9E9F421}.Release|x86.Build.0 = Release|Any CPU
		{B460F126-844E-47D4-8C07-4C1DDC2ED856}.Debug|Any CPU.ActiveCfg = Debug|Any CPU
		{B460F126-844E-47D4-8C07-4C1DDC2ED856}.Debug|Any CPU.Build.0 = Debug|Any CPU
		{B460F126-844E-47D4-8C07-4C1DDC2ED856}.Debug|x64.ActiveCfg = Debug|Any CPU
		{B460F126-844E-47D4-8C07-4C1DDC2ED856}.Debug|x64.Build.0 = Debug|Any CPU
		{B460F126-844E-47D4-8C07-4C1DDC2ED856}.Debug|x86.ActiveCfg = Debug|Any CPU
		{B460F126-844E-47D4-8C07-4C1DDC2ED856}.Debug|x86.Build.0 = Debug|Any CPU
		{B460F126-844E-47D4-8C07-4C1DDC2ED856}.Release|Any CPU.ActiveCfg = Release|Any CPU
		{B460F126-844E-47D4-8C07-4C1DDC2ED856}.Release|Any CPU.Build.0 = Release|Any CPU
		{B460F126-844E-47D4-8C07-4C1DDC2ED856}.Release|x64.ActiveCfg = Release|Any CPU
		{B460F126-844E-47D4-8C07-4C1DDC2ED856}.Release|x64.Build.0 = Release|Any CPU
		{B460F126-844E-47D4-8C07-4C1DDC2ED856}.Release|x86.ActiveCfg = Release|Any CPU
		{B460F126-844E-47D4-8C07-4C1DDC2ED856}.Release|x86.Build.0 = Release|Any CPU
		{8EE79174-1A21-4691-9B06-B8B04A13E130}.Debug|Any CPU.ActiveCfg = Debug|Any CPU
		{8EE79174-1A21-4691-9B06-B8B04A13E130}.Debug|Any CPU.Build.0 = Debug|Any CPU
		{8EE79174-1A21-4691-9B06-B8B04A13E130}.Debug|x64.ActiveCfg = Debug|Any CPU
		{8EE79174-1A21-4691-9B06-B8B04A13E130}.Debug|x64.Build.0 = Debug|Any CPU
		{8EE79174-1A21-4691-9B06-B8B04A13E130}.Debug|x86.ActiveCfg = Debug|Any CPU
		{8EE79174-1A21-4691-9B06-B8B04A13E130}.Debug|x86.Build.0 = Debug|Any CPU
		{8EE79174-1A21-4691-9B06-B8B04A13E130}.Release|Any CPU.ActiveCfg = Release|Any CPU
		{8EE79174-1A21-4691-9B06-B8B04A13E130}.Release|Any CPU.Build.0 = Release|Any CPU
		{8EE79174-1A21-4691-9B06-B8B04A13E130}.Release|x64.ActiveCfg = Release|Any CPU
		{8EE79174-1A21-4691-9B06-B8B04A13E130}.Release|x64.Build.0 = Release|Any CPU
		{8EE79174-1A21-4691-9B06-B8B04A13E130}.Release|x86.ActiveCfg = Release|Any CPU
		{8EE79174-1A21-4691-9B06-B8B04A13E130}.Release|x86.Build.0 = Release|Any CPU
		{0F087793-93AC-4D3A-8A21-5867CE5CE604}.Debug|Any CPU.ActiveCfg = Debug|Any CPU
		{0F087793-93AC-4D3A-8A21-5867CE5CE604}.Debug|Any CPU.Build.0 = Debug|Any CPU
		{0F087793-93AC-4D3A-8A21-5867CE5CE604}.Debug|x64.ActiveCfg = Debug|Any CPU
		{0F087793-93AC-4D3A-8A21-5867CE5CE604}.Debug|x64.Build.0 = Debug|Any CPU
		{0F087793-93AC-4D3A-8A21-5867CE5CE604}.Debug|x86.ActiveCfg = Debug|Any CPU
		{0F087793-93AC-4D3A-8A21-5867CE5CE604}.Debug|x86.Build.0 = Debug|Any CPU
		{0F087793-93AC-4D3A-8A21-5867CE5CE604}.Release|Any CPU.ActiveCfg = Release|Any CPU
		{0F087793-93AC-4D3A-8A21-5867CE5CE604}.Release|Any CPU.Build.0 = Release|Any CPU
		{0F087793-93AC-4D3A-8A21-5867CE5CE604}.Release|x64.ActiveCfg = Release|Any CPU
		{0F087793-93AC-4D3A-8A21-5867CE5CE604}.Release|x64.Build.0 = Release|Any CPU
		{0F087793-93AC-4D3A-8A21-5867CE5CE604}.Release|x86.ActiveCfg = Release|Any CPU
		{0F087793-93AC-4D3A-8A21-5867CE5CE604}.Release|x86.Build.0 = Release|Any CPU
		{6DB28BE5-6977-42CB-AC64-AB991412DB2F}.Debug|Any CPU.ActiveCfg = Debug|Any CPU
		{6DB28BE5-6977-42CB-AC64-AB991412DB2F}.Debug|Any CPU.Build.0 = Debug|Any CPU
		{6DB28BE5-6977-42CB-AC64-AB991412DB2F}.Debug|x64.ActiveCfg = Debug|Any CPU
		{6DB28BE5-6977-42CB-AC64-AB991412DB2F}.Debug|x64.Build.0 = Debug|Any CPU
		{6DB28BE5-6977-42CB-AC64-AB991412DB2F}.Debug|x86.ActiveCfg = Debug|Any CPU
		{6DB28BE5-6977-42CB-AC64-AB991412DB2F}.Debug|x86.Build.0 = Debug|Any CPU
		{6DB28BE5-6977-42CB-AC64-AB991412DB2F}.Release|Any CPU.ActiveCfg = Release|Any CPU
		{6DB28BE5-6977-42CB-AC64-AB991412DB2F}.Release|Any CPU.Build.0 = Release|Any CPU
		{6DB28BE5-6977-42CB-AC64-AB991412DB2F}.Release|x64.ActiveCfg = Release|Any CPU
		{6DB28BE5-6977-42CB-AC64-AB991412DB2F}.Release|x64.Build.0 = Release|Any CPU
		{6DB28BE5-6977-42CB-AC64-AB991412DB2F}.Release|x86.ActiveCfg = Release|Any CPU
		{6DB28BE5-6977-42CB-AC64-AB991412DB2F}.Release|x86.Build.0 = Release|Any CPU
		{B5496802-627B-47F4-8B95-6B56AF2DA482}.Debug|Any CPU.ActiveCfg = Debug|Any CPU
		{B5496802-627B-47F4-8B95-6B56AF2DA482}.Debug|Any CPU.Build.0 = Debug|Any CPU
		{B5496802-627B-47F4-8B95-6B56AF2DA482}.Debug|x64.ActiveCfg = Debug|Any CPU
		{B5496802-627B-47F4-8B95-6B56AF2DA482}.Debug|x64.Build.0 = Debug|Any CPU
		{B5496802-627B-47F4-8B95-6B56AF2DA482}.Debug|x86.ActiveCfg = Debug|Any CPU
		{B5496802-627B-47F4-8B95-6B56AF2DA482}.Debug|x86.Build.0 = Debug|Any CPU
		{B5496802-627B-47F4-8B95-6B56AF2DA482}.Release|Any CPU.ActiveCfg = Release|Any CPU
		{B5496802-627B-47F4-8B95-6B56AF2DA482}.Release|Any CPU.Build.0 = Release|Any CPU
		{B5496802-627B-47F4-8B95-6B56AF2DA482}.Release|x64.ActiveCfg = Release|Any CPU
		{B5496802-627B-47F4-8B95-6B56AF2DA482}.Release|x64.Build.0 = Release|Any CPU
		{B5496802-627B-47F4-8B95-6B56AF2DA482}.Release|x86.ActiveCfg = Release|Any CPU
		{B5496802-627B-47F4-8B95-6B56AF2DA482}.Release|x86.Build.0 = Release|Any CPU
		{7299D302-F6B8-4A90-BCB2-69E0156A82D0}.Debug|Any CPU.ActiveCfg = Debug|Any CPU
		{7299D302-F6B8-4A90-BCB2-69E0156A82D0}.Debug|Any CPU.Build.0 = Debug|Any CPU
		{7299D302-F6B8-4A90-BCB2-69E0156A82D0}.Debug|x64.ActiveCfg = Debug|Any CPU
		{7299D302-F6B8-4A90-BCB2-69E0156A82D0}.Debug|x64.Build.0 = Debug|Any CPU
		{7299D302-F6B8-4A90-BCB2-69E0156A82D0}.Debug|x86.ActiveCfg = Debug|Any CPU
		{7299D302-F6B8-4A90-BCB2-69E0156A82D0}.Debug|x86.Build.0 = Debug|Any CPU
		{7299D302-F6B8-4A90-BCB2-69E0156A82D0}.Release|Any CPU.ActiveCfg = Release|Any CPU
		{7299D302-F6B8-4A90-BCB2-69E0156A82D0}.Release|Any CPU.Build.0 = Release|Any CPU
		{7299D302-F6B8-4A90-BCB2-69E0156A82D0}.Release|x64.ActiveCfg = Release|Any CPU
		{7299D302-F6B8-4A90-BCB2-69E0156A82D0}.Release|x64.Build.0 = Release|Any CPU
		{7299D302-F6B8-4A90-BCB2-69E0156A82D0}.Release|x86.ActiveCfg = Release|Any CPU
		{7299D302-F6B8-4A90-BCB2-69E0156A82D0}.Release|x86.Build.0 = Release|Any CPU
		{797C7F62-03C6-48F8-B05C-E12C313EB878}.Debug|Any CPU.ActiveCfg = Debug|Any CPU
		{797C7F62-03C6-48F8-B05C-E12C313EB878}.Debug|Any CPU.Build.0 = Debug|Any CPU
		{797C7F62-03C6-48F8-B05C-E12C313EB878}.Debug|x64.ActiveCfg = Debug|Any CPU
		{797C7F62-03C6-48F8-B05C-E12C313EB878}.Debug|x64.Build.0 = Debug|Any CPU
		{797C7F62-03C6-48F8-B05C-E12C313EB878}.Debug|x86.ActiveCfg = Debug|Any CPU
		{797C7F62-03C6-48F8-B05C-E12C313EB878}.Debug|x86.Build.0 = Debug|Any CPU
		{797C7F62-03C6-48F8-B05C-E12C313EB878}.Release|Any CPU.ActiveCfg = Release|Any CPU
		{797C7F62-03C6-48F8-B05C-E12C313EB878}.Release|Any CPU.Build.0 = Release|Any CPU
		{797C7F62-03C6-48F8-B05C-E12C313EB878}.Release|x64.ActiveCfg = Release|Any CPU
		{797C7F62-03C6-48F8-B05C-E12C313EB878}.Release|x64.Build.0 = Release|Any CPU
		{797C7F62-03C6-48F8-B05C-E12C313EB878}.Release|x86.ActiveCfg = Release|Any CPU
		{797C7F62-03C6-48F8-B05C-E12C313EB878}.Release|x86.Build.0 = Release|Any CPU
		{9347CCAA-A867-429F-ACE3-829D930F81DB}.Debug|Any CPU.ActiveCfg = Debug|Any CPU
		{9347CCAA-A867-429F-ACE3-829D930F81DB}.Debug|Any CPU.Build.0 = Debug|Any CPU
		{9347CCAA-A867-429F-ACE3-829D930F81DB}.Debug|x64.ActiveCfg = Debug|Any CPU
		{9347CCAA-A867-429F-ACE3-829D930F81DB}.Debug|x64.Build.0 = Debug|Any CPU
		{9347CCAA-A867-429F-ACE3-829D930F81DB}.Debug|x86.ActiveCfg = Debug|Any CPU
		{9347CCAA-A867-429F-ACE3-829D930F81DB}.Debug|x86.Build.0 = Debug|Any CPU
		{9347CCAA-A867-429F-ACE3-829D930F81DB}.Release|Any CPU.ActiveCfg = Release|Any CPU
		{9347CCAA-A867-429F-ACE3-829D930F81DB}.Release|Any CPU.Build.0 = Release|Any CPU
		{9347CCAA-A867-429F-ACE3-829D930F81DB}.Release|x64.ActiveCfg = Release|Any CPU
		{9347CCAA-A867-429F-ACE3-829D930F81DB}.Release|x64.Build.0 = Release|Any CPU
		{9347CCAA-A867-429F-ACE3-829D930F81DB}.Release|x86.ActiveCfg = Release|Any CPU
		{9347CCAA-A867-429F-ACE3-829D930F81DB}.Release|x86.Build.0 = Release|Any CPU
		{16F06DAB-D69F-4324-9023-91BA351A0B67}.Debug|Any CPU.ActiveCfg = Debug|Any CPU
		{16F06DAB-D69F-4324-9023-91BA351A0B67}.Debug|Any CPU.Build.0 = Debug|Any CPU
		{16F06DAB-D69F-4324-9023-91BA351A0B67}.Debug|x64.ActiveCfg = Debug|Any CPU
		{16F06DAB-D69F-4324-9023-91BA351A0B67}.Debug|x64.Build.0 = Debug|Any CPU
		{16F06DAB-D69F-4324-9023-91BA351A0B67}.Debug|x86.ActiveCfg = Debug|Any CPU
		{16F06DAB-D69F-4324-9023-91BA351A0B67}.Debug|x86.Build.0 = Debug|Any CPU
		{16F06DAB-D69F-4324-9023-91BA351A0B67}.Release|Any CPU.ActiveCfg = Release|Any CPU
		{16F06DAB-D69F-4324-9023-91BA351A0B67}.Release|Any CPU.Build.0 = Release|Any CPU
		{15408FC4-5140-4CB2-B8AA-CE242459012E}.Debug|Any CPU.ActiveCfg = Debug|Any CPU
		{15408FC4-5140-4CB2-B8AA-CE242459012E}.Debug|Any CPU.Build.0 = Debug|Any CPU
		{15408FC4-5140-4CB2-B8AA-CE242459012E}.Release|Any CPU.ActiveCfg = Release|Any CPU
		{15408FC4-5140-4CB2-B8AA-CE242459012E}.Release|Any CPU.Build.0 = Release|Any CPU
		{16F06DAB-D69F-4324-9023-91BA351A0B67}.Release|x64.ActiveCfg = Release|Any CPU
		{16F06DAB-D69F-4324-9023-91BA351A0B67}.Release|x64.Build.0 = Release|Any CPU
		{16F06DAB-D69F-4324-9023-91BA351A0B67}.Release|x86.ActiveCfg = Release|Any CPU
		{16F06DAB-D69F-4324-9023-91BA351A0B67}.Release|x86.Build.0 = Release|Any CPU
		{1867E035-1A38-4733-A2C0-1D1ABCDDA167}.Debug|Any CPU.ActiveCfg = Debug|Any CPU
		{1867E035-1A38-4733-A2C0-1D1ABCDDA167}.Debug|Any CPU.Build.0 = Debug|Any CPU
		{1867E035-1A38-4733-A2C0-1D1ABCDDA167}.Debug|x64.ActiveCfg = Debug|Any CPU
		{1867E035-1A38-4733-A2C0-1D1ABCDDA167}.Debug|x64.Build.0 = Debug|Any CPU
		{1867E035-1A38-4733-A2C0-1D1ABCDDA167}.Debug|x86.ActiveCfg = Debug|Any CPU
		{1867E035-1A38-4733-A2C0-1D1ABCDDA167}.Debug|x86.Build.0 = Debug|Any CPU
		{1867E035-1A38-4733-A2C0-1D1ABCDDA167}.Release|Any CPU.ActiveCfg = Release|Any CPU
		{1867E035-1A38-4733-A2C0-1D1ABCDDA167}.Release|Any CPU.Build.0 = Release|Any CPU
		{1867E035-1A38-4733-A2C0-1D1ABCDDA167}.Release|x64.ActiveCfg = Release|Any CPU
		{1867E035-1A38-4733-A2C0-1D1ABCDDA167}.Release|x64.Build.0 = Release|Any CPU
		{1867E035-1A38-4733-A2C0-1D1ABCDDA167}.Release|x86.ActiveCfg = Release|Any CPU
		{1867E035-1A38-4733-A2C0-1D1ABCDDA167}.Release|x86.Build.0 = Release|Any CPU
		{D94CC338-97CF-4265-AF0B-162E548CA16A}.Debug|Any CPU.ActiveCfg = Debug|Any CPU
		{D94CC338-97CF-4265-AF0B-162E548CA16A}.Debug|Any CPU.Build.0 = Debug|Any CPU
		{D94CC338-97CF-4265-AF0B-162E548CA16A}.Debug|x64.ActiveCfg = Debug|Any CPU
		{D94CC338-97CF-4265-AF0B-162E548CA16A}.Debug|x64.Build.0 = Debug|Any CPU
		{D94CC338-97CF-4265-AF0B-162E548CA16A}.Debug|x86.ActiveCfg = Debug|Any CPU
		{D94CC338-97CF-4265-AF0B-162E548CA16A}.Debug|x86.Build.0 = Debug|Any CPU
		{D94CC338-97CF-4265-AF0B-162E548CA16A}.Release|Any CPU.ActiveCfg = Release|Any CPU
		{D94CC338-97CF-4265-AF0B-162E548CA16A}.Release|Any CPU.Build.0 = Release|Any CPU
		{D94CC338-97CF-4265-AF0B-162E548CA16A}.Release|x64.ActiveCfg = Release|Any CPU
		{D94CC338-97CF-4265-AF0B-162E548CA16A}.Release|x64.Build.0 = Release|Any CPU
		{D94CC338-97CF-4265-AF0B-162E548CA16A}.Release|x86.ActiveCfg = Release|Any CPU
		{D94CC338-97CF-4265-AF0B-162E548CA16A}.Release|x86.Build.0 = Release|Any CPU
		{C6F4EA74-D13C-4AA1-8C64-EE88088ABC3A}.Debug|Any CPU.ActiveCfg = Debug|Any CPU
		{C6F4EA74-D13C-4AA1-8C64-EE88088ABC3A}.Debug|Any CPU.Build.0 = Debug|Any CPU
		{C6F4EA74-D13C-4AA1-8C64-EE88088ABC3A}.Debug|x64.ActiveCfg = Debug|Any CPU
		{C6F4EA74-D13C-4AA1-8C64-EE88088ABC3A}.Debug|x64.Build.0 = Debug|Any CPU
		{C6F4EA74-D13C-4AA1-8C64-EE88088ABC3A}.Debug|x86.ActiveCfg = Debug|Any CPU
		{C6F4EA74-D13C-4AA1-8C64-EE88088ABC3A}.Debug|x86.Build.0 = Debug|Any CPU
		{C6F4EA74-D13C-4AA1-8C64-EE88088ABC3A}.Release|Any CPU.ActiveCfg = Release|Any CPU
		{C6F4EA74-D13C-4AA1-8C64-EE88088ABC3A}.Release|Any CPU.Build.0 = Release|Any CPU
		{C6F4EA74-D13C-4AA1-8C64-EE88088ABC3A}.Release|x64.ActiveCfg = Release|Any CPU
		{C6F4EA74-D13C-4AA1-8C64-EE88088ABC3A}.Release|x64.Build.0 = Release|Any CPU
		{C6F4EA74-D13C-4AA1-8C64-EE88088ABC3A}.Release|x86.ActiveCfg = Release|Any CPU
		{C6F4EA74-D13C-4AA1-8C64-EE88088ABC3A}.Release|x86.Build.0 = Release|Any CPU
		{4CB83FBB-0EF8-42C2-A7EC-91B86E491F63}.Debug|Any CPU.ActiveCfg = Debug|Any CPU
		{4CB83FBB-0EF8-42C2-A7EC-91B86E491F63}.Debug|Any CPU.Build.0 = Debug|Any CPU
		{4CB83FBB-0EF8-42C2-A7EC-91B86E491F63}.Debug|x64.ActiveCfg = Debug|Any CPU
		{4CB83FBB-0EF8-42C2-A7EC-91B86E491F63}.Debug|x64.Build.0 = Debug|Any CPU
		{4CB83FBB-0EF8-42C2-A7EC-91B86E491F63}.Debug|x86.ActiveCfg = Debug|Any CPU
		{4CB83FBB-0EF8-42C2-A7EC-91B86E491F63}.Debug|x86.Build.0 = Debug|Any CPU
		{4CB83FBB-0EF8-42C2-A7EC-91B86E491F63}.Release|Any CPU.ActiveCfg = Release|Any CPU
		{4CB83FBB-0EF8-42C2-A7EC-91B86E491F63}.Release|Any CPU.Build.0 = Release|Any CPU
		{4CB83FBB-0EF8-42C2-A7EC-91B86E491F63}.Release|x64.ActiveCfg = Release|Any CPU
		{4CB83FBB-0EF8-42C2-A7EC-91B86E491F63}.Release|x64.Build.0 = Release|Any CPU
		{4CB83FBB-0EF8-42C2-A7EC-91B86E491F63}.Release|x86.ActiveCfg = Release|Any CPU
		{4CB83FBB-0EF8-42C2-A7EC-91B86E491F63}.Release|x86.Build.0 = Release|Any CPU
		{6A0D5ABF-0AA4-4C67-9BC6-2A8E0339C163}.Debug|Any CPU.ActiveCfg = Debug|Any CPU
		{6A0D5ABF-0AA4-4C67-9BC6-2A8E0339C163}.Debug|Any CPU.Build.0 = Debug|Any CPU
		{6A0D5ABF-0AA4-4C67-9BC6-2A8E0339C163}.Debug|x64.ActiveCfg = Debug|Any CPU
		{6A0D5ABF-0AA4-4C67-9BC6-2A8E0339C163}.Debug|x64.Build.0 = Debug|Any CPU
		{6A0D5ABF-0AA4-4C67-9BC6-2A8E0339C163}.Debug|x86.ActiveCfg = Debug|Any CPU
		{6A0D5ABF-0AA4-4C67-9BC6-2A8E0339C163}.Debug|x86.Build.0 = Debug|Any CPU
		{6A0D5ABF-0AA4-4C67-9BC6-2A8E0339C163}.Release|Any CPU.ActiveCfg = Release|Any CPU
		{6A0D5ABF-0AA4-4C67-9BC6-2A8E0339C163}.Release|Any CPU.Build.0 = Release|Any CPU
		{6A0D5ABF-0AA4-4C67-9BC6-2A8E0339C163}.Release|x64.ActiveCfg = Release|Any CPU
		{6A0D5ABF-0AA4-4C67-9BC6-2A8E0339C163}.Release|x64.Build.0 = Release|Any CPU
		{6A0D5ABF-0AA4-4C67-9BC6-2A8E0339C163}.Release|x86.ActiveCfg = Release|Any CPU
		{6A0D5ABF-0AA4-4C67-9BC6-2A8E0339C163}.Release|x86.Build.0 = Release|Any CPU
		{96D69E51-59A1-4F6A-BCB7-4961076BBED5}.Debug|Any CPU.ActiveCfg = Debug|Any CPU
		{96D69E51-59A1-4F6A-BCB7-4961076BBED5}.Debug|Any CPU.Build.0 = Debug|Any CPU
		{96D69E51-59A1-4F6A-BCB7-4961076BBED5}.Debug|x64.ActiveCfg = Debug|Any CPU
		{96D69E51-59A1-4F6A-BCB7-4961076BBED5}.Debug|x64.Build.0 = Debug|Any CPU
		{96D69E51-59A1-4F6A-BCB7-4961076BBED5}.Debug|x86.ActiveCfg = Debug|Any CPU
		{96D69E51-59A1-4F6A-BCB7-4961076BBED5}.Debug|x86.Build.0 = Debug|Any CPU
		{96D69E51-59A1-4F6A-BCB7-4961076BBED5}.Release|Any CPU.ActiveCfg = Release|Any CPU
		{96D69E51-59A1-4F6A-BCB7-4961076BBED5}.Release|Any CPU.Build.0 = Release|Any CPU
		{96D69E51-59A1-4F6A-BCB7-4961076BBED5}.Release|x64.ActiveCfg = Release|Any CPU
		{96D69E51-59A1-4F6A-BCB7-4961076BBED5}.Release|x64.Build.0 = Release|Any CPU
		{96D69E51-59A1-4F6A-BCB7-4961076BBED5}.Release|x86.ActiveCfg = Release|Any CPU
		{96D69E51-59A1-4F6A-BCB7-4961076BBED5}.Release|x86.Build.0 = Release|Any CPU
		{5C0B721A-34E7-4388-B0A2-AEBFE53739F3}.Debug|Any CPU.ActiveCfg = Debug|Any CPU
		{5C0B721A-34E7-4388-B0A2-AEBFE53739F3}.Debug|Any CPU.Build.0 = Debug|Any CPU
		{5C0B721A-34E7-4388-B0A2-AEBFE53739F3}.Debug|x64.ActiveCfg = Debug|Any CPU
		{5C0B721A-34E7-4388-B0A2-AEBFE53739F3}.Debug|x64.Build.0 = Debug|Any CPU
		{5C0B721A-34E7-4388-B0A2-AEBFE53739F3}.Debug|x86.ActiveCfg = Debug|Any CPU
		{5C0B721A-34E7-4388-B0A2-AEBFE53739F3}.Debug|x86.Build.0 = Debug|Any CPU
		{5C0B721A-34E7-4388-B0A2-AEBFE53739F3}.Release|Any CPU.ActiveCfg = Release|Any CPU
		{5C0B721A-34E7-4388-B0A2-AEBFE53739F3}.Release|Any CPU.Build.0 = Release|Any CPU
		{5C0B721A-34E7-4388-B0A2-AEBFE53739F3}.Release|x64.ActiveCfg = Release|Any CPU
		{5C0B721A-34E7-4388-B0A2-AEBFE53739F3}.Release|x64.Build.0 = Release|Any CPU
		{5C0B721A-34E7-4388-B0A2-AEBFE53739F3}.Release|x86.ActiveCfg = Release|Any CPU
		{5C0B721A-34E7-4388-B0A2-AEBFE53739F3}.Release|x86.Build.0 = Release|Any CPU
		{CBD6367A-43F1-4DF8-A70B-1660ABE3DB52}.Debug|Any CPU.ActiveCfg = Debug|Any CPU
		{CBD6367A-43F1-4DF8-A70B-1660ABE3DB52}.Debug|Any CPU.Build.0 = Debug|Any CPU
		{CBD6367A-43F1-4DF8-A70B-1660ABE3DB52}.Debug|x64.ActiveCfg = Debug|Any CPU
		{CBD6367A-43F1-4DF8-A70B-1660ABE3DB52}.Debug|x64.Build.0 = Debug|Any CPU
		{CBD6367A-43F1-4DF8-A70B-1660ABE3DB52}.Debug|x86.ActiveCfg = Debug|Any CPU
		{CBD6367A-43F1-4DF8-A70B-1660ABE3DB52}.Debug|x86.Build.0 = Debug|Any CPU
		{CBD6367A-43F1-4DF8-A70B-1660ABE3DB52}.Release|Any CPU.ActiveCfg = Release|Any CPU
		{CBD6367A-43F1-4DF8-A70B-1660ABE3DB52}.Release|Any CPU.Build.0 = Release|Any CPU
		{CBD6367A-43F1-4DF8-A70B-1660ABE3DB52}.Release|x64.ActiveCfg = Release|Any CPU
		{CBD6367A-43F1-4DF8-A70B-1660ABE3DB52}.Release|x64.Build.0 = Release|Any CPU
		{CBD6367A-43F1-4DF8-A70B-1660ABE3DB52}.Release|x86.ActiveCfg = Release|Any CPU
		{CBD6367A-43F1-4DF8-A70B-1660ABE3DB52}.Release|x86.Build.0 = Release|Any CPU
		{1A3D64EE-2CC1-4788-BFDB-AB126CA03D43}.Debug|Any CPU.ActiveCfg = Debug|Any CPU
		{1A3D64EE-2CC1-4788-BFDB-AB126CA03D43}.Debug|Any CPU.Build.0 = Debug|Any CPU
		{1A3D64EE-2CC1-4788-BFDB-AB126CA03D43}.Debug|x64.ActiveCfg = Debug|Any CPU
		{1A3D64EE-2CC1-4788-BFDB-AB126CA03D43}.Debug|x64.Build.0 = Debug|Any CPU
		{1A3D64EE-2CC1-4788-BFDB-AB126CA03D43}.Debug|x86.ActiveCfg = Debug|Any CPU
		{1A3D64EE-2CC1-4788-BFDB-AB126CA03D43}.Debug|x86.Build.0 = Debug|Any CPU
		{1A3D64EE-2CC1-4788-BFDB-AB126CA03D43}.Release|Any CPU.ActiveCfg = Release|Any CPU
		{1A3D64EE-2CC1-4788-BFDB-AB126CA03D43}.Release|Any CPU.Build.0 = Release|Any CPU
		{1A3D64EE-2CC1-4788-BFDB-AB126CA03D43}.Release|x64.ActiveCfg = Release|Any CPU
		{1A3D64EE-2CC1-4788-BFDB-AB126CA03D43}.Release|x64.Build.0 = Release|Any CPU
		{1A3D64EE-2CC1-4788-BFDB-AB126CA03D43}.Release|x86.ActiveCfg = Release|Any CPU
		{1A3D64EE-2CC1-4788-BFDB-AB126CA03D43}.Release|x86.Build.0 = Release|Any CPU
		{99D01A7D-7913-4A72-BAEE-B877771C1D88}.Debug|Any CPU.ActiveCfg = Debug|Any CPU
		{99D01A7D-7913-4A72-BAEE-B877771C1D88}.Debug|Any CPU.Build.0 = Debug|Any CPU
		{99D01A7D-7913-4A72-BAEE-B877771C1D88}.Debug|x64.ActiveCfg = Debug|Any CPU
		{99D01A7D-7913-4A72-BAEE-B877771C1D88}.Debug|x64.Build.0 = Debug|Any CPU
		{99D01A7D-7913-4A72-BAEE-B877771C1D88}.Debug|x86.ActiveCfg = Debug|Any CPU
		{99D01A7D-7913-4A72-BAEE-B877771C1D88}.Debug|x86.Build.0 = Debug|Any CPU
		{99D01A7D-7913-4A72-BAEE-B877771C1D88}.Release|Any CPU.ActiveCfg = Release|Any CPU
		{99D01A7D-7913-4A72-BAEE-B877771C1D88}.Release|Any CPU.Build.0 = Release|Any CPU
		{99D01A7D-7913-4A72-BAEE-B877771C1D88}.Release|x64.ActiveCfg = Release|Any CPU
		{99D01A7D-7913-4A72-BAEE-B877771C1D88}.Release|x64.Build.0 = Release|Any CPU
		{99D01A7D-7913-4A72-BAEE-B877771C1D88}.Release|x86.ActiveCfg = Release|Any CPU
		{99D01A7D-7913-4A72-BAEE-B877771C1D88}.Release|x86.Build.0 = Release|Any CPU
		{505185CC-118A-40CB-BC5B-891B71EB3ECC}.Debug|Any CPU.ActiveCfg = Debug|Any CPU
		{505185CC-118A-40CB-BC5B-891B71EB3ECC}.Debug|Any CPU.Build.0 = Debug|Any CPU
		{505185CC-118A-40CB-BC5B-891B71EB3ECC}.Debug|x64.ActiveCfg = Debug|Any CPU
		{505185CC-118A-40CB-BC5B-891B71EB3ECC}.Debug|x64.Build.0 = Debug|Any CPU
		{505185CC-118A-40CB-BC5B-891B71EB3ECC}.Debug|x86.ActiveCfg = Debug|Any CPU
		{505185CC-118A-40CB-BC5B-891B71EB3ECC}.Debug|x86.Build.0 = Debug|Any CPU
		{505185CC-118A-40CB-BC5B-891B71EB3ECC}.Release|Any CPU.ActiveCfg = Release|Any CPU
		{505185CC-118A-40CB-BC5B-891B71EB3ECC}.Release|Any CPU.Build.0 = Release|Any CPU
		{505185CC-118A-40CB-BC5B-891B71EB3ECC}.Release|x64.ActiveCfg = Release|Any CPU
		{505185CC-118A-40CB-BC5B-891B71EB3ECC}.Release|x64.Build.0 = Release|Any CPU
		{505185CC-118A-40CB-BC5B-891B71EB3ECC}.Release|x86.ActiveCfg = Release|Any CPU
		{505185CC-118A-40CB-BC5B-891B71EB3ECC}.Release|x86.Build.0 = Release|Any CPU
		{1FBB31F2-95C0-40FF-AD3F-CBBADFD3D5CD}.Debug|Any CPU.ActiveCfg = Debug|Any CPU
		{1FBB31F2-95C0-40FF-AD3F-CBBADFD3D5CD}.Debug|Any CPU.Build.0 = Debug|Any CPU
		{1FBB31F2-95C0-40FF-AD3F-CBBADFD3D5CD}.Debug|x64.ActiveCfg = Debug|Any CPU
		{1FBB31F2-95C0-40FF-AD3F-CBBADFD3D5CD}.Debug|x64.Build.0 = Debug|Any CPU
		{1FBB31F2-95C0-40FF-AD3F-CBBADFD3D5CD}.Debug|x86.ActiveCfg = Debug|Any CPU
		{1FBB31F2-95C0-40FF-AD3F-CBBADFD3D5CD}.Debug|x86.Build.0 = Debug|Any CPU
		{1FBB31F2-95C0-40FF-AD3F-CBBADFD3D5CD}.Release|Any CPU.ActiveCfg = Release|Any CPU
		{1FBB31F2-95C0-40FF-AD3F-CBBADFD3D5CD}.Release|Any CPU.Build.0 = Release|Any CPU
		{1FBB31F2-95C0-40FF-AD3F-CBBADFD3D5CD}.Release|x64.ActiveCfg = Release|Any CPU
		{1FBB31F2-95C0-40FF-AD3F-CBBADFD3D5CD}.Release|x64.Build.0 = Release|Any CPU
		{1FBB31F2-95C0-40FF-AD3F-CBBADFD3D5CD}.Release|x86.ActiveCfg = Release|Any CPU
		{1FBB31F2-95C0-40FF-AD3F-CBBADFD3D5CD}.Release|x86.Build.0 = Release|Any CPU
		{C469D754-A468-429E-ADF9-1AC35598087A}.Debug|Any CPU.ActiveCfg = Debug|Any CPU
		{C469D754-A468-429E-ADF9-1AC35598087A}.Debug|Any CPU.Build.0 = Debug|Any CPU
		{C469D754-A468-429E-ADF9-1AC35598087A}.Debug|x64.ActiveCfg = Debug|Any CPU
		{C469D754-A468-429E-ADF9-1AC35598087A}.Debug|x64.Build.0 = Debug|Any CPU
		{C469D754-A468-429E-ADF9-1AC35598087A}.Debug|x86.ActiveCfg = Debug|Any CPU
		{C469D754-A468-429E-ADF9-1AC35598087A}.Debug|x86.Build.0 = Debug|Any CPU
		{C469D754-A468-429E-ADF9-1AC35598087A}.Release|Any CPU.ActiveCfg = Release|Any CPU
		{C469D754-A468-429E-ADF9-1AC35598087A}.Release|Any CPU.Build.0 = Release|Any CPU
		{C469D754-A468-429E-ADF9-1AC35598087A}.Release|x64.ActiveCfg = Release|Any CPU
		{C469D754-A468-429E-ADF9-1AC35598087A}.Release|x64.Build.0 = Release|Any CPU
		{C469D754-A468-429E-ADF9-1AC35598087A}.Release|x86.ActiveCfg = Release|Any CPU
		{C469D754-A468-429E-ADF9-1AC35598087A}.Release|x86.Build.0 = Release|Any CPU
		{82B90443-ED1C-4C62-B8FF-A9726B3504DF}.Debug|Any CPU.ActiveCfg = Debug|Any CPU
		{82B90443-ED1C-4C62-B8FF-A9726B3504DF}.Debug|Any CPU.Build.0 = Debug|Any CPU
		{82B90443-ED1C-4C62-B8FF-A9726B3504DF}.Debug|x64.ActiveCfg = Debug|Any CPU
		{82B90443-ED1C-4C62-B8FF-A9726B3504DF}.Debug|x64.Build.0 = Debug|Any CPU
		{82B90443-ED1C-4C62-B8FF-A9726B3504DF}.Debug|x86.ActiveCfg = Debug|Any CPU
		{82B90443-ED1C-4C62-B8FF-A9726B3504DF}.Debug|x86.Build.0 = Debug|Any CPU
		{82B90443-ED1C-4C62-B8FF-A9726B3504DF}.Release|Any CPU.ActiveCfg = Release|Any CPU
		{82B90443-ED1C-4C62-B8FF-A9726B3504DF}.Release|Any CPU.Build.0 = Release|Any CPU
		{82B90443-ED1C-4C62-B8FF-A9726B3504DF}.Release|x64.ActiveCfg = Release|Any CPU
		{82B90443-ED1C-4C62-B8FF-A9726B3504DF}.Release|x64.Build.0 = Release|Any CPU
		{82B90443-ED1C-4C62-B8FF-A9726B3504DF}.Release|x86.ActiveCfg = Release|Any CPU
		{82B90443-ED1C-4C62-B8FF-A9726B3504DF}.Release|x86.Build.0 = Release|Any CPU
		{06E43AAE-E399-41AF-AF50-686DFC0E14E4}.Debug|Any CPU.ActiveCfg = Debug|Any CPU
		{06E43AAE-E399-41AF-AF50-686DFC0E14E4}.Debug|Any CPU.Build.0 = Debug|Any CPU
		{06E43AAE-E399-41AF-AF50-686DFC0E14E4}.Debug|x64.ActiveCfg = Debug|Any CPU
		{06E43AAE-E399-41AF-AF50-686DFC0E14E4}.Debug|x64.Build.0 = Debug|Any CPU
		{06E43AAE-E399-41AF-AF50-686DFC0E14E4}.Debug|x86.ActiveCfg = Debug|Any CPU
		{06E43AAE-E399-41AF-AF50-686DFC0E14E4}.Debug|x86.Build.0 = Debug|Any CPU
		{06E43AAE-E399-41AF-AF50-686DFC0E14E4}.Release|Any CPU.ActiveCfg = Release|Any CPU
		{06E43AAE-E399-41AF-AF50-686DFC0E14E4}.Release|Any CPU.Build.0 = Release|Any CPU
		{06E43AAE-E399-41AF-AF50-686DFC0E14E4}.Release|x64.ActiveCfg = Release|Any CPU
		{06E43AAE-E399-41AF-AF50-686DFC0E14E4}.Release|x64.Build.0 = Release|Any CPU
		{06E43AAE-E399-41AF-AF50-686DFC0E14E4}.Release|x86.ActiveCfg = Release|Any CPU
		{06E43AAE-E399-41AF-AF50-686DFC0E14E4}.Release|x86.Build.0 = Release|Any CPU
	EndGlobalSection
	GlobalSection(SolutionProperties) = preSolution
		HideSolutionNode = FALSE
	EndGlobalSection
	GlobalSection(NestedProjects) = preSolution
		{CBD6367A-43F1-4DF8-A70B-1660ABE3DB52} = {FF397A7F-A7F0-49B4-8CF2-228DAA4EB19E}
	EndGlobalSection
EndGlobal
