<Solution>
  <Configurations>
    <Platform Name="Any CPU" />
    <Platform Name="x64" />
    <Platform Name="x86" />
  </Configurations>
  <Folder Name="/Facepunch.Steamworks/">
    <Project Path="Facepunch.Steamworks/Facepunch.Steamworks/Facepunch.Steamworks.Posix.csproj" />
    <Project Path="Facepunch.Steamworks/Facepunch.Steamworks/Facepunch.Steamworks.Win64.csproj" />
  </Folder>
  <Folder Name="/FixedMathSharp/">
    <Project Path="FixedMathSharp/src/FixedMathSharp.FluentAssertions/FixedMathSharp.FluentAssertions.csproj" />
    <Project Path="FixedMathSharp/src/FixedMathSharp/FixedMathSharp.csproj" />
    <Project Path="FixedMathSharp/tests/FixedMathSharp.Tests/FixedMathSharp.Tests.csproj" />
  </Folder>
  <Folder Name="/FNA/">
    <Project Path="FNA.Math/FNA.Math.csproj" />
    <Project Path="FNA/FNA.Core.csproj" />
  </Folder>
  <Folder Name="/FontStashSharp/">
    <Project Path="FontStashSharp.Base/src/FontStashSharp.Base/FontStashSharp.Base.csproj" />
    <Project Path="FontStashSharp.Base/src/FontStashSharp.Rasterizers.StbTrueTypeSharp/FontStashSharp.Rasterizers.StbTrueTypeSharp.csproj" />
    <Project Path="FontStashSharp/src/XNA/FontStashSharp.FNA.Core.csproj" />
  </Folder>
  <Folder Name="/HoleyDiver/">
    <Project Path="HoleyDiver.UnitTest/HoleyDiver.UnitTest.csproj" />
    <Project Path="HoleyDiver/HoleyDiver.csproj" />
    <Project Path="Poly2Tri/Poly2Tri.csproj" />
  </Folder>
  <Folder Name="/ImGui/">
    <Project Path="MonoGame.ImGuiNet/MonoGame.ImGuiNet/Monogame.ImGuiNet.csproj" />
  </Folder>
  <Folder Name="/Maxine.Extensions/">
    <Project Path="Maxine.Extensions/Maxine.Extensions.Mathematics.Tests/Maxine.Extensions.Mathematics.Tests.csproj" />
    <Project Path="Maxine.Extensions/Maxine.Extensions.Mathematics/Maxine.Extensions.Mathematics.csproj" />
    <Project Path="Maxine.Extensions/Maxine.Extensions.MessagePack/Maxine.Extensions.MessagePack.csproj" />
    <Project Path="Maxine.Extensions/Maxine.Extensions.SpanLinq/Maxine.Extensions.SpanLinq.csproj" />
    <Project Path="Maxine.Extensions/Maxine.Extensions.UnionGen.Base/Maxine.Extensions.UnionGen.Base.csproj" />
    <Project Path="Maxine.Extensions/Maxine.Extensions.UnionGen/Maxine.Extensions.UnionGen.csproj" />
    <Project Path="Maxine.Extensions/Maxine.Extensions/Maxine.Extensions.csproj" />
    <Project Path="Maxine.Extensions/RayTech.RayLog.MEL/RayTech.RayLog.MEL.csproj">
      <BuildType Solution="*|x64" Project="?" />
      <BuildType Solution="*|x86" Project="?" />
      <Platform Solution="*|x64" Project="?" />
      <Platform Solution="*|x86" Project="?" />
      <Build Solution="*|x64" Project="false" />
      <Build Solution="*|x86" Project="false" />
    </Project>
    <Project Path="Maxine.RustBindGen/Maxine.RustBindGen.csproj" />
  </Folder>
  <Folder Name="/MemoryPack/">
    <Project Path="MemoryPack/src/MemoryPack.Core/MemoryPack.Core.csproj" />
    <Project Path="MemoryPack/src/MemoryPack.Generator/MemoryPack.Generator.csproj" />
    <Project Path="MemoryPack/src/MemoryPack/MemoryPack.csproj" />
  </Folder>
  <Folder Name="/NvgSharp/">
    <Project Path="NvgSharp/src/NvgSharp.Text/NvgSharp.Text.FNA.Core.csproj" />
    <Project Path="NvgSharp/src/XNA/NvgSharp.FNA.Core.csproj" />
  </Folder>
  <Project Path="CefGlue.BrowserProcess/CefGlue.BrowserProcess.csproj" />
  <Project Path="LibTessDotNet/LibTessDotNet/LibTessDotNet.csproj" />
  <Project Path="NAudio.Flac/NAudio.Flac/NAudio.Flac.csproj" />
  <Project Path="nfm-world/NFMWorld.csproj" />
  <Project Path="NFMW.GenerateSinCosTable/NFMW.GenerateSinCosTable.csproj" />
  <Project Path="NFMWorld.Api/NFMWorld.Api.csproj" />
  <Project Path="NFMWorld.BrowserProcess/NFMWorld.BrowserProcess.csproj" />
  <Project Path="NFMWorld.ClientOnlyAnalyzer/NFMWorld.ClientOnlyAnalyzer.csproj" />
  <Project Path="NFMWorld.CrashReporter/NFMWorld.CrashReporter.csproj" />
  <Project Path="NFMWorld.DriverInterface/NFMWorld.DriverInterface.csproj" />
  <Project Path="NFMWorld.GenerateHmacKey/NFMWorld.GenerateHmacKey.csproj" />
  <Project Path="NFMWorld.Library/NFMWorld.Library.csproj" />
  <Project Path="NFMWorld.Multiplayer.Base/NFMWorld.Multiplayer.Base.csproj" />
  <Project Path="NFMWorld.NativeLibs/NFMWorld.NativeLibs.csproj" />
  <Project Path="NFMWorld.OpcodeSourceGen/NFMWorld.OpcodeSourceGen.csproj" />
  <Project Path="NFMWorld.PhysicsFS/NFMWorld.PhysicsFS.csproj" />
  <Project Path="NFMWorld.RustBindGen/NFMWorld.RustBindGen.csproj" />
  <Project Path="NFMWorld.Server.Game/NFMWorld.Server.Game.csproj" />
  <Project Path="NFMWorld.Server.Lobby/NFMWorld.Server.Lobby.csproj" />
  <Project Path="NFMWorld.Sentry/NFMWorld.Sentry.csproj" />
  <Project Path="NFMWorld.Server.SharedMemory/NFMWorld.Server.SharedMemory.csproj" />
  <Project Path="NFMWorld.ShaderSourceGen/NFMWorld.ShaderSourceGen.csproj" />
  <Project Path="Sokol/Sokol.csproj" />
  <Project Path="SoundTouch.Net.NAudioSupport/SoundTouch.Net.NAudioSupport.csproj" />
  <Project Path="TestSvgPreprocess/TestSvgPreprocess.csproj" />
  <Project Path="websocket-sharp/websocket-sharp/websocket-sharp.csproj" />
</Solution>
