
Microsoft Visual Studio Solution File, Format Version 12.00
# Visual Studio Version 17
VisualStudioVersion = 17.0.31903.59
MinimumVisualStudioVersion = 10.0.40219.1
Project("{FAE04EC0-301F-11D3-BF4B-00C04F79EFBC}") = "NFMWorld", "nfm-world\NFMWorld.csproj", "{97D2D5E3-F508-4CB9-B6BE-53070DA4085F}"
EndProject
Project("{FAE04EC0-301F-11D3-BF4B-00C04F79EFBC}") = "HoleyDiver", "HoleyDiver\HoleyDiver.csproj", "{44ABE6B5-D2AB-4296-8BFC-8501FBB74672}"
EndProject
Project("{FAE04EC0-301F-11D3-BF4B-00C04F79EFBC}") = "HoleyDiver.UnitTest", "HoleyDiver.UnitTest\HoleyDiver.UnitTest.csproj", "{565D9072-451E-48EA-AF46-3CD15F79D2E4}"
EndProject
Project("{FAE04EC0-301F-11D3-BF4B-00C04F79EFBC}") = "Monogame.ImGuiNet", "MonoGame.ImGuiNet\MonoGame.ImGuiNet\Monogame.ImGuiNet.csproj", "{BD4D3CDA-EB9F-48FB-99D4-D497F3636873}"
EndProject
Project("{FAE04EC0-301F-11D3-BF4B-00C04F79EFBC}") = "FNA.Core", "FNA\FNA.Core.csproj", "{1430F0C7-5A55-4A1E-AAE8-2D9F655464F6}"
EndProject
Project("{FAE04EC0-301F-11D3-BF4B-00C04F79EFBC}") = "NvgSharp.FNA.Core", "NvgSharp\src\XNA\NvgSharp.FNA.Core.csproj", "{71A41A85-C2CB-4AF3-B933-4B7E1793F318}"
EndProject
Project("{FAE04EC0-301F-11D3-BF4B-00C04F79EFBC}") = "NvgSharp.Text.FNA.Core", "NvgSharp\src\NvgSharp.Text\NvgSharp.Text.FNA.Core.csproj", "{7828B354-F3FB-48E4-8A7D-E5A8080FC2B2}"
EndProject
Project("{FAE04EC0-301F-11D3-BF4B-00C04F79EFBC}") = "FontStashSharp.FNA.Core", "FontStashSharp\src\XNA\FontStashSharp.FNA.Core.csproj", "{6863D1A0-7981-45A9-8C14-4B34F264C25D}"
EndProject
Project("{FAE04EC0-301F-11D3-BF4B-00C04F79EFBC}") = "FNA.Math", "FNA.Math\FNA.Math.csproj", "{0C978E31-6DD9-4CE4-929F-9AD943318B74}"
EndProject
Project("{FAE04EC0-301F-11D3-BF4B-00C04F79EFBC}") = "Facepunch.Steamworks.Win64", "Facepunch.Steamworks\Facepunch.Steamworks\Facepunch.Steamworks.Win64.csproj", "{B61B29D2-7064-48F5-8A6B-45DACCC84305}"
EndProject
Project("{FAE04EC0-301F-11D3-BF4B-00C04F79EFBC}") = "Facepunch.Steamworks.Posix", "Facepunch.Steamworks\Facepunch.Steamworks\Facepunch.Steamworks.Posix.csproj", "{DF995AB1-0B32-4260-9FAD-71B2E9E9F421}"
EndProject
Project("{FAE04EC0-301F-11D3-BF4B-00C04F79EFBC}") = "Maxine.Extensions", "Maxine.Extensions\Maxine.Extensions\Maxine.Extensions.csproj", "{B460F126-844E-47D4-8C07-4C1DDC2ED856}"
EndProject
Project("{FAE04EC0-301F-11D3-BF4B-00C04F79EFBC}") = "FontStashSharp.Base", "FontStashSharp.Base\src\FontStashSharp.Base\FontStashSharp.Base.csproj", "{8EE79174-1A21-4691-9B06-B8B04A13E130}"
EndProject
Project("{FAE04EC0-301F-11D3-BF4B-00C04F79EFBC}") = "FontStashSharp.Rasterizers.StbTrueTypeSharp", "FontStashSharp.Base\src\FontStashSharp.Rasterizers.StbTrueTypeSharp\FontStashSharp.Rasterizers.StbTrueTypeSharp.csproj", "{0F087793-93AC-4D3A-8A21-5867CE5CE604}"
EndProject
Project("{FAE04EC0-301F-11D3-BF4B-00C04F79EFBC}") = "NFMWorld.LuaSourceGenerataor", "NFMWorld.LuaSourceGenerataor\NFMWorld.LuaSourceGenerataor.csproj", "{6DB28BE5-6977-42CB-AC64-AB991412DB2F}"
EndProject
Project("{FAE04EC0-301F-11D3-BF4B-00C04F79EFBC}") = "NFMW.GenerateSinCosTable", "NFMW.GenerateSinCosTable\NFMW.GenerateSinCosTable.csproj", "{B5496802-627B-47F4-8B95-6B56AF2DA482}"
EndProject
Project("{FAE04EC0-301F-11D3-BF4B-00C04F79EFBC}") = "NFMWorld.Library", "NFMWorld.Library\NFMWorld.Library.csproj", "{7299D302-F6B8-4A90-BCB2-69E0156A82D0}"
EndProject
Project("{FAE04EC0-301F-11D3-BF4B-00C04F79EFBC}") = "Maxine.VFS", "Maxine.Extensions\Maxine.VFS\Maxine.VFS.csproj", "{797C7F62-03C6-48F8-B05C-E12C313EB878}"
EndProject
Project("{FAE04EC0-301F-11D3-BF4B-00C04F79EFBC}") = "NFMWorld.RustBindGen", "NFMWorld.RustBindGen\NFMWorld.RustBindGen.csproj", "{9347CCAA-A867-429F-ACE3-829D930F81DB}"
EndProject
Project("{FAE04EC0-301F-11D3-BF4B-00C04F79EFBC}") = "Maxine.Extensions.MessagePack", "Maxine.Extensions\Maxine.Extensions.MessagePack\Maxine.Extensions.MessagePack.csproj", "{16F06DAB-D69F-4324-9023-91BA351A0B67}"
EndProject
Project("{FAE04EC0-301F-11D3-BF4B-00C04F79EFBC}") = "NFMWorld.LuaSourceGenerator.Test", "NFMWorld.LuaSourceGenerator.Test\NFMWorld.LuaSourceGenerator.Test.csproj", "{B30E24D8-DF7B-4099-B0A3-6ACA370209CD}"
EndProject
Global
	GlobalSection(SolutionConfigurationPlatforms) = preSolution
		Debug|Any CPU = Debug|Any CPU
		Release|Any CPU = Release|Any CPU
	EndGlobalSection
	GlobalSection(SolutionProperties) = preSolution
		HideSolutionNode = FALSE
	EndGlobalSection
	GlobalSection(ProjectConfigurationPlatforms) = postSolution
		{97D2D5E3-F508-4CB9-B6BE-53070DA4085F}.Debug|Any CPU.ActiveCfg = Debug|Any CPU
		{97D2D5E3-F508-4CB9-B6BE-53070DA4085F}.Debug|Any CPU.Build.0 = Debug|Any CPU
		{97D2D5E3-F508-4CB9-B6BE-53070DA4085F}.Release|Any CPU.ActiveCfg = Release|Any CPU
		{97D2D5E3-F508-4CB9-B6BE-53070DA4085F}.Release|Any CPU.Build.0 = Release|Any CPU
		{44ABE6B5-D2AB-4296-8BFC-8501FBB74672}.Debug|Any CPU.ActiveCfg = Debug|Any CPU
		{44ABE6B5-D2AB-4296-8BFC-8501FBB74672}.Debug|Any CPU.Build.0 = Debug|Any CPU
		{44ABE6B5-D2AB-4296-8BFC-8501FBB74672}.Release|Any CPU.ActiveCfg = Release|Any CPU
		{44ABE6B5-D2AB-4296-8BFC-8501FBB74672}.Release|Any CPU.Build.0 = Release|Any CPU
		{565D9072-451E-48EA-AF46-3CD15F79D2E4}.Debug|Any CPU.ActiveCfg = Debug|Any CPU
		{565D9072-451E-48EA-AF46-3CD15F79D2E4}.Debug|Any CPU.Build.0 = Debug|Any CPU
		{565D9072-451E-48EA-AF46-3CD15F79D2E4}.Release|Any CPU.ActiveCfg = Release|Any CPU
		{565D9072-451E-48EA-AF46-3CD15F79D2E4}.Release|Any CPU.Build.0 = Release|Any CPU
		{BD4D3CDA-EB9F-48FB-99D4-D497F3636873}.Debug|Any CPU.ActiveCfg = Debug|Any CPU
		{BD4D3CDA-EB9F-48FB-99D4-D497F3636873}.Debug|Any CPU.Build.0 = Debug|Any CPU
		{BD4D3CDA-EB9F-48FB-99D4-D497F3636873}.Release|Any CPU.ActiveCfg = Release|Any CPU
		{BD4D3CDA-EB9F-48FB-99D4-D497F3636873}.Release|Any CPU.Build.0 = Release|Any CPU
		{1430F0C7-5A55-4A1E-AAE8-2D9F655464F6}.Debug|Any CPU.ActiveCfg = Debug|Any CPU
		{1430F0C7-5A55-4A1E-AAE8-2D9F655464F6}.Debug|Any CPU.Build.0 = Debug|Any CPU
		{1430F0C7-5A55-4A1E-AAE8-2D9F655464F6}.Release|Any CPU.ActiveCfg = Release|Any CPU
		{1430F0C7-5A55-4A1E-AAE8-2D9F655464F6}.Release|Any CPU.Build.0 = Release|Any CPU
		{71A41A85-C2CB-4AF3-B933-4B7E1793F318}.Debug|Any CPU.ActiveCfg = Debug|Any CPU
		{71A41A85-C2CB-4AF3-B933-4B7E1793F318}.Debug|Any CPU.Build.0 = Debug|Any CPU
		{71A41A85-C2CB-4AF3-B933-4B7E1793F318}.Release|Any CPU.ActiveCfg = Release|Any CPU
		{71A41A85-C2CB-4AF3-B933-4B7E1793F318}.Release|Any CPU.Build.0 = Release|Any CPU
		{7828B354-F3FB-48E4-8A7D-E5A8080FC2B2}.Debug|Any CPU.ActiveCfg = Debug|Any CPU
		{7828B354-F3FB-48E4-8A7D-E5A8080FC2B2}.Debug|Any CPU.Build.0 = Debug|Any CPU
		{7828B354-F3FB-48E4-8A7D-E5A8080FC2B2}.Release|Any CPU.ActiveCfg = Release|Any CPU
		{7828B354-F3FB-48E4-8A7D-E5A8080FC2B2}.Release|Any CPU.Build.0 = Release|Any CPU
		{6863D1A0-7981-45A9-8C14-4B34F264C25D}.Debug|Any CPU.ActiveCfg = Debug|Any CPU
		{6863D1A0-7981-45A9-8C14-4B34F264C25D}.Debug|Any CPU.Build.0 = Debug|Any CPU
		{6863D1A0-7981-45A9-8C14-4B34F264C25D}.Release|Any CPU.ActiveCfg = Release|Any CPU
		{6863D1A0-7981-45A9-8C14-4B34F264C25D}.Release|Any CPU.Build.0 = Release|Any CPU
		{0C978E31-6DD9-4CE4-929F-9AD943318B74}.Debug|Any CPU.ActiveCfg = Debug|Any CPU
		{0C978E31-6DD9-4CE4-929F-9AD943318B74}.Debug|Any CPU.Build.0 = Debug|Any CPU
		{0C978E31-6DD9-4CE4-929F-9AD943318B74}.Release|Any CPU.ActiveCfg = Release|Any CPU
		{0C978E31-6DD9-4CE4-929F-9AD943318B74}.Release|Any CPU.Build.0 = Release|Any CPU
		{B61B29D2-7064-48F5-8A6B-45DACCC84305}.Debug|Any CPU.ActiveCfg = Debug|Any CPU
		{B61B29D2-7064-48F5-8A6B-45DACCC84305}.Debug|Any CPU.Build.0 = Debug|Any CPU
		{B61B29D2-7064-48F5-8A6B-45DACCC84305}.Release|Any CPU.ActiveCfg = Release|Any CPU
		{B61B29D2-7064-48F5-8A6B-45DACCC84305}.Release|Any CPU.Build.0 = Release|Any CPU
		{DF995AB1-0B32-4260-9FAD-71B2E9E9F421}.Debug|Any CPU.ActiveCfg = Debug|Any CPU
		{DF995AB1-0B32-4260-9FAD-71B2E9E9F421}.Debug|Any CPU.Build.0 = Debug|Any CPU
		{DF995AB1-0B32-4260-9FAD-71B2E9E9F421}.Release|Any CPU.ActiveCfg = Release|Any CPU
		{DF995AB1-0B32-4260-9FAD-71B2E9E9F421}.Release|Any CPU.Build.0 = Release|Any CPU
		{B460F126-844E-47D4-8C07-4C1DDC2ED856}.Debug|Any CPU.ActiveCfg = Debug|Any CPU
		{B460F126-844E-47D4-8C07-4C1DDC2ED856}.Debug|Any CPU.Build.0 = Debug|Any CPU
		{B460F126-844E-47D4-8C07-4C1DDC2ED856}.Release|Any CPU.ActiveCfg = Release|Any CPU
		{B460F126-844E-47D4-8C07-4C1DDC2ED856}.Release|Any CPU.Build.0 = Release|Any CPU
		{8EE79174-1A21-4691-9B06-B8B04A13E130}.Debug|Any CPU.ActiveCfg = Debug|Any CPU
		{8EE79174-1A21-4691-9B06-B8B04A13E130}.Debug|Any CPU.Build.0 = Debug|Any CPU
		{8EE79174-1A21-4691-9B06-B8B04A13E130}.Release|Any CPU.ActiveCfg = Release|Any CPU
		{8EE79174-1A21-4691-9B06-B8B04A13E130}.Release|Any CPU.Build.0 = Release|Any CPU
		{0F087793-93AC-4D3A-8A21-5867CE5CE604}.Debug|Any CPU.ActiveCfg = Debug|Any CPU
		{0F087793-93AC-4D3A-8A21-5867CE5CE604}.Debug|Any CPU.Build.0 = Debug|Any CPU
		{0F087793-93AC-4D3A-8A21-5867CE5CE604}.Release|Any CPU.ActiveCfg = Release|Any CPU
		{0F087793-93AC-4D3A-8A21-5867CE5CE604}.Release|Any CPU.Build.0 = Release|Any CPU
		{6DB28BE5-6977-42CB-AC64-AB991412DB2F}.Debug|Any CPU.ActiveCfg = Debug|Any CPU
		{6DB28BE5-6977-42CB-AC64-AB991412DB2F}.Debug|Any CPU.Build.0 = Debug|Any CPU
		{6DB28BE5-6977-42CB-AC64-AB991412DB2F}.Release|Any CPU.ActiveCfg = Release|Any CPU
		{6DB28BE5-6977-42CB-AC64-AB991412DB2F}.Release|Any CPU.Build.0 = Release|Any CPU
		{B5496802-627B-47F4-8B95-6B56AF2DA482}.Debug|Any CPU.ActiveCfg = Debug|Any CPU
		{B5496802-627B-47F4-8B95-6B56AF2DA482}.Debug|Any CPU.Build.0 = Debug|Any CPU
		{B5496802-627B-47F4-8B95-6B56AF2DA482}.Release|Any CPU.ActiveCfg = Release|Any CPU
		{B5496802-627B-47F4-8B95-6B56AF2DA482}.Release|Any CPU.Build.0 = Release|Any CPU
		{7299D302-F6B8-4A90-BCB2-69E0156A82D0}.Debug|Any CPU.ActiveCfg = Debug|Any CPU
		{7299D302-F6B8-4A90-BCB2-69E0156A82D0}.Debug|Any CPU.Build.0 = Debug|Any CPU
		{7299D302-F6B8-4A90-BCB2-69E0156A82D0}.Release|Any CPU.ActiveCfg = Release|Any CPU
		{7299D302-F6B8-4A90-BCB2-69E0156A82D0}.Release|Any CPU.Build.0 = Release|Any CPU
		{797C7F62-03C6-48F8-B05C-E12C313EB878}.Debug|Any CPU.ActiveCfg = Debug|Any CPU
		{797C7F62-03C6-48F8-B05C-E12C313EB878}.Debug|Any CPU.Build.0 = Debug|Any CPU
		{797C7F62-03C6-48F8-B05C-E12C313EB878}.Release|Any CPU.ActiveCfg = Release|Any CPU
		{797C7F62-03C6-48F8-B05C-E12C313EB878}.Release|Any CPU.Build.0 = Release|Any CPU
		{9347CCAA-A867-429F-ACE3-829D930F81DB}.Debug|Any CPU.ActiveCfg = Debug|Any CPU
		{9347CCAA-A867-429F-ACE3-829D930F81DB}.Debug|Any CPU.Build.0 = Debug|Any CPU
		{9347CCAA-A867-429F-ACE3-829D930F81DB}.Release|Any CPU.ActiveCfg = Release|Any CPU
		{9347CCAA-A867-429F-ACE3-829D930F81DB}.Release|Any CPU.Build.0 = Release|Any CPU
		{16F06DAB-D69F-4324-9023-91BA351A0B67}.Debug|Any CPU.ActiveCfg = Debug|Any CPU
		{16F06DAB-D69F-4324-9023-91BA351A0B67}.Debug|Any CPU.Build.0 = Debug|Any CPU
		{16F06DAB-D69F-4324-9023-91BA351A0B67}.Release|Any CPU.ActiveCfg = Release|Any CPU
		{16F06DAB-D69F-4324-9023-91BA351A0B67}.Release|Any CPU.Build.0 = Release|Any CPU
		{B30E24D8-DF7B-4099-B0A3-6ACA370209CD}.Debug|Any CPU.ActiveCfg = Debug|Any CPU
		{B30E24D8-DF7B-4099-B0A3-6ACA370209CD}.Debug|Any CPU.Build.0 = Debug|Any CPU
		{B30E24D8-DF7B-4099-B0A3-6ACA370209CD}.Release|Any CPU.ActiveCfg = Release|Any CPU
		{B30E24D8-DF7B-4099-B0A3-6ACA370209CD}.Release|Any CPU.Build.0 = Release|Any CPU
	EndGlobalSection
EndGlobal
